
Microsoft Visual Studio Solution File, Format Version 12.00
# Visual Studio Version 16
VisualStudioVersion = 16.0.31624.102
MinimumVisualStudioVersion = 10.0.40219.1
Project("{FAE04EC0-301F-11D3-BF4B-00C04F79EFBC}") = "KepRendszerezo", "KepRendszerezo\KepRendszerezo.csproj", "{629F0988-4653-4121-A504-6DDEDD596592}"
EndProject
Global
	GlobalSection(SolutionConfigurationPlatforms) = preSolution
		Debug|Any CPU = Debug|Any CPU
		Release|Any CPU = Release|Any CPU
	EndGlobalSection
	GlobalSection(ProjectConfigurationPlatforms) = postSolution
		{629F0988-4653-4121-A504-6DDEDD596592}.Debug|Any CPU.ActiveCfg = Debug|Any CPU
		{629F0988-4653-4121-A504-6DDEDD596592}.Debug|Any CPU.Build.0 = Debug|Any CPU
		{629F0988-4653-4121-A504-6DDEDD596592}.Release|Any CPU.ActiveCfg = Release|Any CPU
		{629F0988-4653-4121-A504-6DDEDD596592}.Release|Any CPU.Build.0 = Release|Any CPU
	EndGlobalSection
	GlobalSection(SolutionProperties) = preSolution
		HideSolutionNode = FALSE
	EndGlobalSection
	GlobalSection(ExtensibilityGlobals) = postSolution
		SolutionGuid = {9EE03BD5-8811-442B-A06A-50B38161571C}
	EndGlobalSection
EndGlobal
